
Microsoft Visual Studio Solution File, Format Version 12.00
# Visual Studio Version 17
VisualStudioVersion = 17.9.34607.119
MinimumVisualStudioVersion = 10.0.40219.1
Project("{9A19103F-16F7-4668-BE54-9A1E7A4F7556}") = "personelOtomasyon", "personelOtomasyon.csproj", "{63FAE50C-65CA-42D2-B477-551CA0D6C382}"
EndProject
Global
	GlobalSection(SolutionConfigurationPlatforms) = preSolution
		Debug|Any CPU = Debug|Any CPU
		Release|Any CPU = Release|Any CPU
	EndGlobalSection
	GlobalSection(ProjectConfigurationPlatforms) = postSolution
		{63FAE50C-65CA-42D2-B477-551CA0D6C382}.Debug|Any CPU.ActiveCfg = Debug|Any CPU
		{63FAE50C-65CA-42D2-B477-551CA0D6C382}.Debug|Any CPU.Build.0 = Debug|Any CPU
		{63FAE50C-65CA-42D2-B477-551CA0D6C382}.Release|Any CPU.ActiveCfg = Release|Any CPU
		{63FAE50C-65CA-42D2-B477-551CA0D6C382}.Release|Any CPU.Build.0 = Release|Any CPU
	EndGlobalSection
	GlobalSection(SolutionProperties) = preSolution
		HideSolutionNode = FALSE
	EndGlobalSection
	GlobalSection(ExtensibilityGlobals) = postSolution
		SolutionGuid = {00F1638C-579A-44D1-9AF0-A8BE809960F3}
	EndGlobalSection
EndGlobal
